
Microsoft Visual Studio Solution File, Format Version 12.00
# Visual Studio 2012
Project("{FAE04EC0-301F-11D3-BF4B-00C04F79EFBC}") = "SampleApp", "src\SampleApp\SampleApp.csproj", "{D3095164-1D53-4F08-96C4-707DFB303D1B}"
EndProject
Project("{FAE04EC0-301F-11D3-BF4B-00C04F79EFBC}") = "SampleApp.Droid", "src\SampleApp.Droid\SampleApp.Droid.csproj", "{E1784AC7-F879-4829-8F33-E984AE2B1B0F}"
EndProject
Project("{FAE04EC0-301F-11D3-BF4B-00C04F79EFBC}") = "SampleApp.iOS", "src\SampleApp.iOS\SampleApp.iOS.csproj", "{58C18030-D036-40B4-A5B2-4E8BC1460828}"
EndProject
Project("{2150E333-8FDC-42A3-9474-1A3956D46DE8}") = "src", "src", "{B21C85EA-9203-465A-9FA3-EEEC8AC1AF76}"
EndProject
Project("{2150E333-8FDC-42A3-9474-1A3956D46DE8}") = "Solution Items", "Solution Items", "{C5C1AFC8-25CC-4D35-AF93-C779117C242C}"
	ProjectSection(SolutionItems) = preProject
		.editorconfig = .editorconfig
	EndProjectSection
EndProject
Global
	GlobalSection(SolutionConfigurationPlatforms) = preSolution
		Debug|Any CPU = Debug|Any CPU
		Release|Any CPU = Release|Any CPU
		Mock|Any CPU = Mock|Any CPU
		Debug|iPhoneSimulator = Debug|iPhoneSimulator
		Release|iPhoneSimulator = Release|iPhoneSimulator
		Debug|iPhone = Debug|iPhone
		Release|iPhone = Release|iPhone
		Ad-Hoc|iPhone = Ad-Hoc|iPhone
		AppStore|iPhone = AppStore|iPhone
		Mock|iPhoneSimulator = Mock|iPhoneSimulator
		Mock|iPhone = Mock|iPhone
	EndGlobalSection
	GlobalSection(ProjectConfigurationPlatforms) = postSolution
		{D3095164-1D53-4F08-96C4-707DFB303D1B}.Debug|Any CPU.ActiveCfg = Debug|Any CPU
		{D3095164-1D53-4F08-96C4-707DFB303D1B}.Debug|Any CPU.Build.0 = Debug|Any CPU
		{D3095164-1D53-4F08-96C4-707DFB303D1B}.Release|Any CPU.ActiveCfg = Release|Any CPU
		{D3095164-1D53-4F08-96C4-707DFB303D1B}.Release|Any CPU.Build.0 = Release|Any CPU
		{D3095164-1D53-4F08-96C4-707DFB303D1B}.Mock|Any CPU.ActiveCfg = Debug|Any CPU
		{D3095164-1D53-4F08-96C4-707DFB303D1B}.Mock|Any CPU.Build.0 = Debug|Any CPU
		{D3095164-1D53-4F08-96C4-707DFB303D1B}.Debug|iPhoneSimulator.ActiveCfg = Debug|Any CPU
		{D3095164-1D53-4F08-96C4-707DFB303D1B}.Debug|iPhoneSimulator.Build.0 = Debug|Any CPU
		{D3095164-1D53-4F08-96C4-707DFB303D1B}.Release|iPhoneSimulator.ActiveCfg = Release|Any CPU
		{D3095164-1D53-4F08-96C4-707DFB303D1B}.Release|iPhoneSimulator.Build.0 = Release|Any CPU
		{D3095164-1D53-4F08-96C4-707DFB303D1B}.Debug|iPhone.ActiveCfg = Debug|Any CPU
		{D3095164-1D53-4F08-96C4-707DFB303D1B}.Debug|iPhone.Build.0 = Debug|Any CPU
		{D3095164-1D53-4F08-96C4-707DFB303D1B}.Release|iPhone.ActiveCfg = Release|Any CPU
		{D3095164-1D53-4F08-96C4-707DFB303D1B}.Release|iPhone.Build.0 = Release|Any CPU
		{D3095164-1D53-4F08-96C4-707DFB303D1B}.Ad-Hoc|iPhone.ActiveCfg = Debug|Any CPU
		{D3095164-1D53-4F08-96C4-707DFB303D1B}.Ad-Hoc|iPhone.Build.0 = Debug|Any CPU
		{D3095164-1D53-4F08-96C4-707DFB303D1B}.AppStore|iPhone.ActiveCfg = Debug|Any CPU
		{D3095164-1D53-4F08-96C4-707DFB303D1B}.AppStore|iPhone.Build.0 = Debug|Any CPU
		{D3095164-1D53-4F08-96C4-707DFB303D1B}.Mock|iPhoneSimulator.ActiveCfg = Debug|Any CPU
		{D3095164-1D53-4F08-96C4-707DFB303D1B}.Mock|iPhoneSimulator.Build.0 = Debug|Any CPU
		{D3095164-1D53-4F08-96C4-707DFB303D1B}.Mock|iPhone.ActiveCfg = Debug|Any CPU
		{D3095164-1D53-4F08-96C4-707DFB303D1B}.Mock|iPhone.Build.0 = Debug|Any CPU
		{E1784AC7-F879-4829-8F33-E984AE2B1B0F}.Debug|Any CPU.ActiveCfg = Debug|Any CPU
		{E1784AC7-F879-4829-8F33-E984AE2B1B0F}.Debug|Any CPU.Build.0 = Debug|Any CPU
		{E1784AC7-F879-4829-8F33-E984AE2B1B0F}.Release|Any CPU.ActiveCfg = Release|Any CPU
		{E1784AC7-F879-4829-8F33-E984AE2B1B0F}.Release|Any CPU.Build.0 = Release|Any CPU
		{E1784AC7-F879-4829-8F33-E984AE2B1B0F}.Mock|Any CPU.ActiveCfg = Mock|Any CPU
		{E1784AC7-F879-4829-8F33-E984AE2B1B0F}.Mock|Any CPU.Build.0 = Mock|Any CPU
		{E1784AC7-F879-4829-8F33-E984AE2B1B0F}.Debug|iPhoneSimulator.ActiveCfg = Debug|Any CPU
		{E1784AC7-F879-4829-8F33-E984AE2B1B0F}.Debug|iPhoneSimulator.Build.0 = Debug|Any CPU
		{E1784AC7-F879-4829-8F33-E984AE2B1B0F}.Release|iPhoneSimulator.ActiveCfg = Release|Any CPU
		{E1784AC7-F879-4829-8F33-E984AE2B1B0F}.Release|iPhoneSimulator.Build.0 = Release|Any CPU
		{E1784AC7-F879-4829-8F33-E984AE2B1B0F}.Debug|iPhone.ActiveCfg = Debug|Any CPU
		{E1784AC7-F879-4829-8F33-E984AE2B1B0F}.Debug|iPhone.Build.0 = Debug|Any CPU
		{E1784AC7-F879-4829-8F33-E984AE2B1B0F}.Release|iPhone.ActiveCfg = Release|Any CPU
		{E1784AC7-F879-4829-8F33-E984AE2B1B0F}.Release|iPhone.Build.0 = Release|Any CPU
		{E1784AC7-F879-4829-8F33-E984AE2B1B0F}.Ad-Hoc|iPhone.ActiveCfg = Debug|Any CPU
		{E1784AC7-F879-4829-8F33-E984AE2B1B0F}.Ad-Hoc|iPhone.Build.0 = Debug|Any CPU
		{E1784AC7-F879-4829-8F33-E984AE2B1B0F}.AppStore|iPhone.ActiveCfg = Debug|Any CPU
		{E1784AC7-F879-4829-8F33-E984AE2B1B0F}.AppStore|iPhone.Build.0 = Debug|Any CPU
		{E1784AC7-F879-4829-8F33-E984AE2B1B0F}.Mock|iPhoneSimulator.ActiveCfg = Mock|Any CPU
		{E1784AC7-F879-4829-8F33-E984AE2B1B0F}.Mock|iPhoneSimulator.Build.0 = Mock|Any CPU
		{E1784AC7-F879-4829-8F33-E984AE2B1B0F}.Mock|iPhone.ActiveCfg = Mock|Any CPU
		{E1784AC7-F879-4829-8F33-E984AE2B1B0F}.Mock|iPhone.Build.0 = Mock|Any CPU
		{58C18030-D036-40B4-A5B2-4E8BC1460828}.Debug|Any CPU.ActiveCfg = Debug|iPhoneSimulator
		{58C18030-D036-40B4-A5B2-4E8BC1460828}.Debug|Any CPU.Build.0 = Debug|iPhoneSimulator
		{58C18030-D036-40B4-A5B2-4E8BC1460828}.Release|Any CPU.ActiveCfg = Release|iPhoneSimulator
		{58C18030-D036-40B4-A5B2-4E8BC1460828}.Release|Any CPU.Build.0 = Release|iPhoneSimulator
		{58C18030-D036-40B4-A5B2-4E8BC1460828}.Mock|Any CPU.ActiveCfg = Mock|iPhoneSimulator
		{58C18030-D036-40B4-A5B2-4E8BC1460828}.Mock|Any CPU.Build.0 = Mock|iPhoneSimulator
		{58C18030-D036-40B4-A5B2-4E8BC1460828}.Debug|iPhoneSimulator.ActiveCfg = Debug|iPhoneSimulator
		{58C18030-D036-40B4-A5B2-4E8BC1460828}.Debug|iPhoneSimulator.Build.0 = Debug|iPhoneSimulator
		{58C18030-D036-40B4-A5B2-4E8BC1460828}.Release|iPhoneSimulator.ActiveCfg = Release|iPhoneSimulator
		{58C18030-D036-40B4-A5B2-4E8BC1460828}.Release|iPhoneSimulator.Build.0 = Release|iPhoneSimulator
		{58C18030-D036-40B4-A5B2-4E8BC1460828}.Debug|iPhone.ActiveCfg = Debug|iPhone
		{58C18030-D036-40B4-A5B2-4E8BC1460828}.Debug|iPhone.Build.0 = Debug|iPhone
		{58C18030-D036-40B4-A5B2-4E8BC1460828}.Release|iPhone.ActiveCfg = Release|iPhone
		{58C18030-D036-40B4-A5B2-4E8BC1460828}.Release|iPhone.Build.0 = Release|iPhone
		{58C18030-D036-40B4-A5B2-4E8BC1460828}.Ad-Hoc|iPhone.ActiveCfg = Ad-Hoc|iPhone
		{58C18030-D036-40B4-A5B2-4E8BC1460828}.Ad-Hoc|iPhone.Build.0 = Ad-Hoc|iPhone
		{58C18030-D036-40B4-A5B2-4E8BC1460828}.AppStore|iPhone.ActiveCfg = AppStore|iPhone
		{58C18030-D036-40B4-A5B2-4E8BC1460828}.AppStore|iPhone.Build.0 = AppStore|iPhone
		{58C18030-D036-40B4-A5B2-4E8BC1460828}.Mock|iPhoneSimulator.ActiveCfg = Mock|iPhoneSimulator
		{58C18030-D036-40B4-A5B2-4E8BC1460828}.Mock|iPhoneSimulator.Build.0 = Mock|iPhoneSimulator
		{58C18030-D036-40B4-A5B2-4E8BC1460828}.Mock|iPhone.ActiveCfg = Mock|iPhone
		{58C18030-D036-40B4-A5B2-4E8BC1460828}.Mock|iPhone.Build.0 = Mock|iPhone
	EndGlobalSection
	GlobalSection(NestedProjects) = preSolution
		{D3095164-1D53-4F08-96C4-707DFB303D1B} = {B21C85EA-9203-465A-9FA3-EEEC8AC1AF76}
		{E1784AC7-F879-4829-8F33-E984AE2B1B0F} = {B21C85EA-9203-465A-9FA3-EEEC8AC1AF76}
		{58C18030-D036-40B4-A5B2-4E8BC1460828} = {B21C85EA-9203-465A-9FA3-EEEC8AC1AF76}
	EndGlobalSection
EndGlobal
